// !$*UTF8*$!
{
	archiveVersion = 1;
	classes = {
	};
	objectVersion = 50;
	objects = {

/* Begin PBXBuildFile section */
		4B81446B253C8EE800591108 /* AppDelegate.swift in Sources */ = {isa = PBXBuildFile; fileRef = 4B81446A253C8EE800591108 /* AppDelegate.swift */; };
		4B81446D253C8EE800591108 /* SceneDelegate.swift in Sources */ = {isa = PBXBuildFile; fileRef = 4B81446C253C8EE800591108 /* SceneDelegate.swift */; };
		4B81446F253C8EE800591108 /* MainViewController.swift in Sources */ = {isa = PBXBuildFile; fileRef = 4B81446E253C8EE800591108 /* MainViewController.swift */; };
		4B814472253C8EE800591108 /* Main.storyboard in Resources */ = {isa = PBXBuildFile; fileRef = 4B814470253C8EE800591108 /* Main.storyboard */; };
		4B814474253C8EEB00591108 /* Assets.xcassets in Resources */ = {isa = PBXBuildFile; fileRef = 4B814473253C8EEB00591108 /* Assets.xcassets */; };
		4B814477253C8EEB00591108 /* LaunchScreen.storyboard in Resources */ = {isa = PBXBuildFile; fileRef = 4B814475253C8EEB00591108 /* LaunchScreen.storyboard */; };
		4B814483253C905400591108 /* ListViewController.swift in Sources */ = {isa = PBXBuildFile; fileRef = 4B814482253C905400591108 /* ListViewController.swift */; };
		4B81448B253C99DA00591108 /* LoginViewController.swift in Sources */ = {isa = PBXBuildFile; fileRef = 4B814489253C99DA00591108 /* LoginViewController.swift */; };
		4B81448C253C99DA00591108 /* LoginViewController.xib in Resources */ = {isa = PBXBuildFile; fileRef = 4B81448A253C99DA00591108 /* LoginViewController.xib */; };
		4B814493253CA8CD00591108 /* Model.swift in Sources */ = {isa = PBXBuildFile; fileRef = 4B814492253CA8CD00591108 /* Model.swift */; };
		4B814499253CADE400591108 /* ArchiveViewController.swift in Sources */ = {isa = PBXBuildFile; fileRef = 4B814498253CADE400591108 /* ArchiveViewController.swift */; };
/* End PBXBuildFile section */

/* Begin PBXFileReference section */
		4B814467253C8EE800591108 /* hobii-demo.app */ = {isa = PBXFileReference; explicitFileType = wrapper.application; includeInIndex = 0; path = "hobii-demo.app"; sourceTree = BUILT_PRODUCTS_DIR; };
		4B81446A253C8EE800591108 /* AppDelegate.swift */ = {isa = PBXFileReference; lastKnownFileType = sourcecode.swift; path = AppDelegate.swift; sourceTree = "<group>"; };
		4B81446C253C8EE800591108 /* SceneDelegate.swift */ = {isa = PBXFileReference; lastKnownFileType = sourcecode.swift; path = SceneDelegate.swift; sourceTree = "<group>"; };
		4B81446E253C8EE800591108 /* MainViewController.swift */ = {isa = PBXFileReference; lastKnownFileType = sourcecode.swift; path = MainViewController.swift; sourceTree = "<group>"; };
		4B814471253C8EE800591108 /* Base */ = {isa = PBXFileReference; lastKnownFileType = file.storyboard; name = Base; path = Base.lproj/Main.storyboard; sourceTree = "<group>"; };
		4B814473253C8EEB00591108 /* Assets.xcassets */ = {isa = PBXFileReference; lastKnownFileType = folder.assetcatalog; path = Assets.xcassets; sourceTree = "<group>"; };
		4B814476253C8EEB00591108 /* Base */ = {isa = PBXFileReference; lastKnownFileType = file.storyboard; name = Base; path = Base.lproj/LaunchScreen.storyboard; sourceTree = "<group>"; };
		4B814478253C8EEB00591108 /* Info.plist */ = {isa = PBXFileReference; lastKnownFileType = text.plist.xml; path = Info.plist; sourceTree = "<group>"; };
		4B814482253C905400591108 /* ListViewController.swift */ = {isa = PBXFileReference; lastKnownFileType = sourcecode.swift; path = ListViewController.swift; sourceTree = "<group>"; };
		4B814489253C99DA00591108 /* LoginViewController.swift */ = {isa = PBXFileReference; lastKnownFileType = sourcecode.swift; path = LoginViewController.swift; sourceTree = "<group>"; };
		4B81448A253C99DA00591108 /* LoginViewController.xib */ = {isa = PBXFileReference; lastKnownFileType = file.xib; path = LoginViewController.xib; sourceTree = "<group>"; };
		4B814492253CA8CD00591108 /* Model.swift */ = {isa = PBXFileReference; lastKnownFileType = sourcecode.swift; path = Model.swift; sourceTree = "<group>"; };
		4B814498253CADE400591108 /* ArchiveViewController.swift */ = {isa = PBXFileReference; lastKnownFileType = sourcecode.swift; path = ArchiveViewController.swift; sourceTree = "<group>"; };
/* End PBXFileReference section */

/* Begin PBXFrameworksBuildPhase section */
		4B814464253C8EE800591108 /* Frameworks */ = {
			isa = PBXFrameworksBuildPhase;
			buildActionMask = 2147483647;
			files = (
			);
			runOnlyForDeploymentPostprocessing = 0;
		};
/* End PBXFrameworksBuildPhase section */

/* Begin PBXGroup section */
		4B81445E253C8EE800591108 = {
			isa = PBXGroup;
			children = (
				4B814469253C8EE800591108 /* hobii-demo */,
				4B814468253C8EE800591108 /* Products */,
			);
			sourceTree = "<group>";
		};
		4B814468253C8EE800591108 /* Products */ = {
			isa = PBXGroup;
			children = (
				4B814467253C8EE800591108 /* hobii-demo.app */,
			);
			name = Products;
			sourceTree = "<group>";
		};
		4B814469253C8EE800591108 /* hobii-demo */ = {
			isa = PBXGroup;
			children = (
				4B81446A253C8EE800591108 /* AppDelegate.swift */,
				4B81446C253C8EE800591108 /* SceneDelegate.swift */,
				4B81447F253C8EFA00591108 /* App */,
				4B814473253C8EEB00591108 /* Assets.xcassets */,
				4B814475253C8EEB00591108 /* LaunchScreen.storyboard */,
				4B814478253C8EEB00591108 /* Info.plist */,
			);
			path = "hobii-demo";
			sourceTree = "<group>";
		};
		4B81447F253C8EFA00591108 /* App */ = {
			isa = PBXGroup;
			children = (
				4B81446E253C8EE800591108 /* MainViewController.swift */,
				4B814470253C8EE800591108 /* Main.storyboard */,
				4B814488253C99B500591108 /* Login */,
				4B814481253C903400591108 /* ListView */,
				4B814496253CADBF00591108 /* ArchiveView */,
				4B814491253CA89C00591108 /* Model */,
			);
			path = App;
			sourceTree = "<group>";
		};
		4B814481253C903400591108 /* ListView */ = {
			isa = PBXGroup;
			children = (
				4B81448F253CA88100591108 /* ListTableViewCell */,
				4B814482253C905400591108 /* ListViewController.swift */,
			);
			path = ListView;
			sourceTree = "<group>";
		};
		4B814488253C99B500591108 /* Login */ = {
			isa = PBXGroup;
			children = (
				4B814489253C99DA00591108 /* LoginViewController.swift */,
				4B81448A253C99DA00591108 /* LoginViewController.xib */,
			);
			path = Login;
			sourceTree = "<group>";
		};
		4B81448F253CA88100591108 /* ListTableViewCell */ = {
			isa = PBXGroup;
			children = (
			);
			path = ListTableViewCell;
			sourceTree = "<group>";
		};
		4B814491253CA89C00591108 /* Model */ = {
			isa = PBXGroup;
			children = (
				4B814492253CA8CD00591108 /* Model.swift */,
			);
			path = Model;
			sourceTree = "<group>";
		};
		4B814496253CADBF00591108 /* ArchiveView */ = {
			isa = PBXGroup;
			children = (
				4B814498253CADE400591108 /* ArchiveViewController.swift */,
			);
			path = ArchiveView;
			sourceTree = "<group>";
		};
/* End PBXGroup section */

/* Begin PBXNativeTarget section */
		4B814466253C8EE800591108 /* hobii-demo */ = {
			isa = PBXNativeTarget;
			buildConfigurationList = 4B81447B253C8EEB00591108 /* Build configuration list for PBXNativeTarget "hobii-demo" */;
			buildPhases = (
				4B814463253C8EE800591108 /* Sources */,
				4B814464253C8EE800591108 /* Frameworks */,
				4B814465253C8EE800591108 /* Resources */,
			);
			buildRules = (
			);
			dependencies = (
			);
			name = "hobii-demo";
			productName = "hobii-demo";
			productReference = 4B814467253C8EE800591108 /* hobii-demo.app */;
			productType = "com.apple.product-type.application";
		};
/* End PBXNativeTarget section */

/* Begin PBXProject section */
		4B81445F253C8EE800591108 /* Project object */ = {
			isa = PBXProject;
			attributes = {
				LastSwiftUpdateCheck = 1200;
				LastUpgradeCheck = 1200;
				TargetAttributes = {
					4B814466253C8EE800591108 = {
						CreatedOnToolsVersion = 12.0.1;
					};
				};
			};
			buildConfigurationList = 4B814462253C8EE800591108 /* Build configuration list for PBXProject "hobii-demo" */;
			compatibilityVersion = "Xcode 9.3";
			developmentRegion = en;
			hasScannedForEncodings = 0;
			knownRegions = (
				en,
				Base,
			);
			mainGroup = 4B81445E253C8EE800591108;
			productRefGroup = 4B814468253C8EE800591108 /* Products */;
			projectDirPath = "";
			projectRoot = "";
			targets = (
				4B814466253C8EE800591108 /* hobii-demo */,
			);
		};
/* End PBXProject section */

/* Begin PBXResourcesBuildPhase section */
		4B814465253C8EE800591108 /* Resources */ = {
			isa = PBXResourcesBuildPhase;
			buildActionMask = 2147483647;
			files = (
				4B81448C253C99DA00591108 /* LoginViewController.xib in Resources */,
				4B814477253C8EEB00591108 /* LaunchScreen.storyboard in Resources */,
				4B814474253C8EEB00591108 /* Assets.xcassets in Resources */,
				4B814472253C8EE800591108 /* Main.storyboard in Resources */,
			);
			runOnlyForDeploymentPostprocessing = 0;
		};
/* End PBXResourcesBuildPhase section */

/* Begin PBXSourcesBuildPhase section */
		4B814463253C8EE800591108 /* Sources */ = {
			isa = PBXSourcesBuildPhase;
			buildActionMask = 2147483647;
			files = (
				4B81446F253C8EE800591108 /* MainViewController.swift in Sources */,
				4B81446B253C8EE800591108 /* AppDelegate.swift in Sources */,
				4B814483253C905400591108 /* ListViewController.swift in Sources */,
				4B814493253CA8CD00591108 /* Model.swift in Sources */,
				4B81448B253C99DA00591108 /* LoginViewController.swift in Sources */,
				4B81446D253C8EE800591108 /* SceneDelegate.swift in Sources */,
				4B814499253CADE400591108 /* ArchiveViewController.swift in Sources */,
			);
			runOnlyForDeploymentPostprocessing = 0;
		};
/* End PBXSourcesBuildPhase section */

/* Begin PBXVariantGroup section */
		4B814470253C8EE800591108 /* Main.storyboard */ = {
			isa = PBXVariantGroup;
			children = (
				4B814471253C8EE800591108 /* Base */,
			);
			name = Main.storyboard;
			sourceTree = "<group>";
		};
		4B814475253C8EEB00591108 /* LaunchScreen.storyboard */ = {
			isa = PBXVariantGroup;
			children = (
				4B814476253C8EEB00591108 /* Base */,
			);
			name = LaunchScreen.storyboard;
			sourceTree = "<group>";
		};
/* End PBXVariantGroup section */

/* Begin XCBuildConfiguration section */
		4B814479253C8EEB00591108 /* Debug */ = {
			isa = XCBuildConfiguration;
			buildSettings = {
				ALWAYS_SEARCH_USER_PATHS = NO;
				CLANG_ANALYZER_NONNULL = YES;
				CLANG_ANALYZER_NUMBER_OBJECT_CONVERSION = YES_AGGRESSIVE;
				CLANG_CXX_LANGUAGE_STANDARD = "gnu++14";
				CLANG_CXX_LIBRARY = "libc++";
				CLANG_ENABLE_MODULES = YES;
				CLANG_ENABLE_OBJC_ARC = YES;
				CLANG_ENABLE_OBJC_WEAK = YES;
				CLANG_WARN_BLOCK_CAPTURE_AUTORELEASING = YES;
				CLANG_WARN_BOOL_CONVERSION = YES;
				CLANG_WARN_COMMA = YES;
				CLANG_WARN_CONSTANT_CONVERSION = YES;
				CLANG_WARN_DEPRECATED_OBJC_IMPLEMENTATIONS = YES;
				CLANG_WARN_DIRECT_OBJC_ISA_USAGE = YES_ERROR;
				CLANG_WARN_DOCUMENTATION_COMMENTS = YES;
				CLANG_WARN_EMPTY_BODY = YES;
				CLANG_WARN_ENUM_CONVERSION = YES;
				CLANG_WARN_INFINITE_RECURSION = YES;
				CLANG_WARN_INT_CONVERSION = YES;
				CLANG_WARN_NON_LITERAL_NULL_CONVERSION = YES;
				CLANG_WARN_OBJC_IMPLICIT_RETAIN_SELF = YES;
				CLANG_WARN_OBJC_LITERAL_CONVERSION = YES;
				CLANG_WARN_OBJC_ROOT_CLASS = YES_ERROR;
				CLANG_WARN_QUOTED_INCLUDE_IN_FRAMEWORK_HEADER = YES;
				CLANG_WARN_RANGE_LOOP_ANALYSIS = YES;
				CLANG_WARN_STRICT_PROTOTYPES = YES;
				CLANG_WARN_SUSPICIOUS_MOVE = YES;
				CLANG_WARN_UNGUARDED_AVAILABILITY = YES_AGGRESSIVE;
				CLANG_WARN_UNREACHABLE_CODE = YES;
				CLANG_WARN__DUPLICATE_METHOD_MATCH = YES;
				COPY_PHASE_STRIP = NO;
				DEBUG_INFORMATION_FORMAT = dwarf;
				ENABLE_STRICT_OBJC_MSGSEND = YES;
				ENABLE_TESTABILITY = YES;
				GCC_C_LANGUAGE_STANDARD = gnu11;
				GCC_DYNAMIC_NO_PIC = NO;
				GCC_NO_COMMON_BLOCKS = YES;
				GCC_OPTIMIZATION_LEVEL = 0;
				GCC_PREPROCESSOR_DEFINITIONS = (
					"DEBUG=1",
					"$(inherited)",
				);
				GCC_WARN_64_TO_32_BIT_CONVERSION = YES;
				GCC_WARN_ABOUT_RETURN_TYPE = YES_ERROR;
				GCC_WARN_UNDECLARED_SELECTOR = YES;
				GCC_WARN_UNINITIALIZED_AUTOS = YES_AGGRESSIVE;
				GCC_WARN_UNUSED_FUNCTION = YES;
				GCC_WARN_UNUSED_VARIABLE = YES;
				IPHONEOS_DEPLOYMENT_TARGET = 14.0;
				MTL_ENABLE_DEBUG_INFO = INCLUDE_SOURCE;
				MTL_FAST_MATH = YES;
				ONLY_ACTIVE_ARCH = YES;
				SDKROOT = iphoneos;
				SWIFT_ACTIVE_COMPILATION_CONDITIONS = DEBUG;
				SWIFT_OPTIMIZATION_LEVEL = "-Onone";
			};
			name = Debug;
		};
		4B81447A253C8EEB00591108 /* Release */ = {
			isa = XCBuildConfiguration;
			buildSettings = {
				ALWAYS_SEARCH_USER_PATHS = NO;
				CLANG_ANALYZER_NONNULL = YES;
				CLANG_ANALYZER_NUMBER_OBJECT_CONVERSION = YES_AGGRESSIVE;
				CLANG_CXX_LANGUAGE_STANDARD = "gnu++14";
				CLANG_CXX_LIBRARY = "libc++";
				CLANG_ENABLE_MODULES = YES;
				CLANG_ENABLE_OBJC_ARC = YES;
				CLANG_ENABLE_OBJC_WEAK = YES;
				CLANG_WARN_BLOCK_CAPTURE_AUTORELEASING = YES;
				CLANG_WARN_BOOL_CONVERSION = YES;
				CLANG_WARN_COMMA = YES;
				CLANG_WARN_CONSTANT_CONVERSION = YES;
				CLANG_WARN_DEPRECATED_OBJC_IMPLEMENTATIONS = YES;
				CLANG_WARN_DIRECT_OBJC_ISA_USAGE = YES_ERROR;
				CLANG_WARN_DOCUMENTATION_COMMENTS = YES;
				CLANG_WARN_EMPTY_BODY = YES;
				CLANG_WARN_ENUM_CONVERSION = YES;
				CLANG_WARN_INFINITE_RECURSION = YES;
				CLANG_WARN_INT_CONVERSION = YES;
				CLANG_WARN_NON_LITERAL_NULL_CONVERSION = YES;
				CLANG_WARN_OBJC_IMPLICIT_RETAIN_SELF = YES;
				CLANG_WARN_OBJC_LITERAL_CONVERSION = YES;
				CLANG_WARN_OBJC_ROOT_CLASS = YES_ERROR;
				CLANG_WARN_QUOTED_INCLUDE_IN_FRAMEWORK_HEADER = YES;
				CLANG_WARN_RANGE_LOOP_ANALYSIS = YES;
				CLANG_WARN_STRICT_PROTOTYPES = YES;
				CLANG_WARN_SUSPICIOUS_MOVE = YES;
				CLANG_WARN_UNGUARDED_AVAILABILITY = YES_AGGRESSIVE;
				CLANG_WARN_UNREACHABLE_CODE = YES;
				CLANG_WARN__DUPLICATE_METHOD_MATCH = YES;
				COPY_PHASE_STRIP = NO;
				DEBUG_INFORMATION_FORMAT = "dwarf-with-dsym";
				ENABLE_NS_ASSERTIONS = NO;
				ENABLE_STRICT_OBJC_MSGSEND = YES;
				GCC_C_LANGUAGE_STANDARD = gnu11;
				GCC_NO_COMMON_BLOCKS = YES;
				GCC_WARN_64_TO_32_BIT_CONVERSION = YES;
				GCC_WARN_ABOUT_RETURN_TYPE = YES_ERROR;
				GCC_WARN_UNDECLARED_SELECTOR = YES;
				GCC_WARN_UNINITIALIZED_AUTOS = YES_AGGRESSIVE;
				GCC_WARN_UNUSED_FUNCTION = YES;
				GCC_WARN_UNUSED_VARIABLE = YES;
				IPHONEOS_DEPLOYMENT_TARGET = 14.0;
				MTL_ENABLE_DEBUG_INFO = NO;
				MTL_FAST_MATH = YES;
				SDKROOT = iphoneos;
				SWIFT_COMPILATION_MODE = wholemodule;
				SWIFT_OPTIMIZATION_LEVEL = "-O";
				VALIDATE_PRODUCT = YES;
			};
			name = Release;
		};
		4B81447C253C8EEB00591108 /* Debug */ = {
			isa = XCBuildConfiguration;
			buildSettings = {
				ASSETCATALOG_COMPILER_APPICON_NAME = AppIcon;
				ASSETCATALOG_COMPILER_GLOBAL_ACCENT_COLOR_NAME = AccentColor;
				CODE_SIGN_STYLE = Automatic;
				DEVELOPMENT_TEAM = ZXHB39825K;
				INFOPLIST_FILE = "hobii-demo/Info.plist";
				LD_RUNPATH_SEARCH_PATHS = (
					"$(inherited)",
					"@executable_path/Frameworks",
				);
				PRODUCT_BUNDLE_IDENTIFIER = "com.sebastian.kumor.hobii-demo";
				PRODUCT_NAME = "$(TARGET_NAME)";
				SWIFT_VERSION = 5.0;
				TARGETED_DEVICE_FAMILY = "1,2";
			};
			name = Debug;
		};
		4B81447D253C8EEB00591108 /* Release */ = {
			isa = XCBuildConfiguration;
			buildSettings = {
				ASSETCATALOG_COMPILER_APPICON_NAME = AppIcon;
				ASSETCATALOG_COMPILER_GLOBAL_ACCENT_COLOR_NAME = AccentColor;
				CODE_SIGN_STYLE = Automatic;
				DEVELOPMENT_TEAM = ZXHB39825K;
				INFOPLIST_FILE = "hobii-demo/Info.plist";
				LD_RUNPATH_SEARCH_PATHS = (
					"$(inherited)",
					"@executable_path/Frameworks",
				);
				PRODUCT_BUNDLE_IDENTIFIER = "com.sebastian.kumor.hobii-demo";
				PRODUCT_NAME = "$(TARGET_NAME)";
				SWIFT_VERSION = 5.0;
				TARGETED_DEVICE_FAMILY = "1,2";
			};
			name = Release;
		};
/* End XCBuildConfiguration section */

/* Begin XCConfigurationList section */
		4B814462253C8EE800591108 /* Build configuration list for PBXProject "hobii-demo" */ = {
			isa = XCConfigurationList;
			buildConfigurations = (
				4B814479253C8EEB00591108 /* Debug */,
				4B81447A253C8EEB00591108 /* Release */,
			);
			defaultConfigurationIsVisible = 0;
			defaultConfigurationName = Release;
		};
		4B81447B253C8EEB00591108 /* Build configuration list for PBXNativeTarget "hobii-demo" */ = {
			isa = XCConfigurationList;
			buildConfigurations = (
				4B81447C253C8EEB00591108 /* Debug */,
				4B81447D253C8EEB00591108 /* Release */,
			);
			defaultConfigurationIsVisible = 0;
			defaultConfigurationName = Release;
		};
/* End XCConfigurationList section */
	};
	rootObject = 4B81445F253C8EE800591108 /* Project object */;
}
